
Microsoft Visual Studio Solution File, Format Version 12.00
# Visual Studio 2013
VisualStudioVersion = 12.0.30110.0
MinimumVisualStudioVersion = 10.0.40219.1
Project("{FAE04EC0-301F-11D3-BF4B-00C04F79EFBC}") = "Proveedores", "Proveedores\Proveedores.csproj", "{7C80AE07-AE9F-470D-97C8-DE6AEE5B551B}"
EndProject
Project("{2150E333-8FDC-42A3-9474-1A3956D46DE8}") = "PublishScripts", "PublishScripts", "{B8954B40-03B1-48FF-88B0-8FF5DB657339}"
	ProjectSection(SolutionItems) = preProject
		PublishScripts\AzureWebAppPublishModule.psm1 = PublishScripts\AzureWebAppPublishModule.psm1
		PublishScripts\Publish-WebApplication.ps1 = PublishScripts\Publish-WebApplication.ps1
	EndProjectSection
EndProject
Project("{2150E333-8FDC-42A3-9474-1A3956D46DE8}") = "Configurations", "Configurations", "{DD3F2856-EE3C-4BDF-AD5D-E480EE8F05F0}"
	ProjectSection(SolutionItems) = preProject
		PublishScripts\Configurations\Proveedores-WAWS-dev.json = PublishScripts\Configurations\Proveedores-WAWS-dev.json
	EndProjectSection
EndProject
Global
	GlobalSection(SolutionConfigurationPlatforms) = preSolution
		Debug|Any CPU = Debug|Any CPU
		Release|Any CPU = Release|Any CPU
	EndGlobalSection
	GlobalSection(ProjectConfigurationPlatforms) = postSolution
		{7C80AE07-AE9F-470D-97C8-DE6AEE5B551B}.Debug|Any CPU.ActiveCfg = Debug|Any CPU
		{7C80AE07-AE9F-470D-97C8-DE6AEE5B551B}.Debug|Any CPU.Build.0 = Debug|Any CPU
		{7C80AE07-AE9F-470D-97C8-DE6AEE5B551B}.Release|Any CPU.ActiveCfg = Release|Any CPU
		{7C80AE07-AE9F-470D-97C8-DE6AEE5B551B}.Release|Any CPU.Build.0 = Release|Any CPU
	EndGlobalSection
	GlobalSection(SolutionProperties) = preSolution
		HideSolutionNode = FALSE
	EndGlobalSection
	GlobalSection(NestedProjects) = preSolution
		{DD3F2856-EE3C-4BDF-AD5D-E480EE8F05F0} = {B8954B40-03B1-48FF-88B0-8FF5DB657339}
	EndGlobalSection
EndGlobal
